// !$*UTF8*$!
{
	archiveVersion = 1;
	classes = {
	};
	objectVersion = 55;
	objects = {

/* Begin PBXBuildFile section */
		6D3CEF0529916E0900C81630 /* ExtensionsApp.swift in Sources */ = {isa = PBXBuildFile; fileRef = 6D3CEF0429916E0900C81630 /* ExtensionsApp.swift */; };
		6D3CEF0729916E0900C81630 /* ContentView.swift in Sources */ = {isa = PBXBuildFile; fileRef = 6D3CEF0629916E0900C81630 /* ContentView.swift */; };
		6D3CEF0929916E0F00C81630 /* Assets.xcassets in Resources */ = {isa = PBXBuildFile; fileRef = 6D3CEF0829916E0F00C81630 /* Assets.xcassets */; };
		6D3CEF0C29916E0F00C81630 /* Preview Assets.xcassets in Resources */ = {isa = PBXBuildFile; fileRef = 6D3CEF0B29916E0F00C81630 /* Preview Assets.xcassets */; };
		6D3CEF1629916E0F00C81630 /* ExtensionsTests.swift in Sources */ = {isa = PBXBuildFile; fileRef = 6D3CEF1529916E0F00C81630 /* ExtensionsTests.swift */; };
		6D3CEF3029916ED000C81630 /* StringProtocol.swift in Sources */ = {isa = PBXBuildFile; fileRef = 6D3CEF2F29916ED000C81630 /* StringProtocol.swift */; };
		6D3CEF322991816400C81630 /* CLAuthorizationStatus.swift in Sources */ = {isa = PBXBuildFile; fileRef = 6D3CEF312991816400C81630 /* CLAuthorizationStatus.swift */; };
		6D3CEF7D2992C76D00C81630 /* CLLocation.swift in Sources */ = {isa = PBXBuildFile; fileRef = 6D3CEF7C2992C76D00C81630 /* CLLocation.swift */; };
		6D3CEF7F2992C78C00C81630 /* UIViewController.swift in Sources */ = {isa = PBXBuildFile; fileRef = 6D3CEF7E2992C78C00C81630 /* UIViewController.swift */; };
		6D3CEF812992C7AA00C81630 /* UITableViewCell.swift in Sources */ = {isa = PBXBuildFile; fileRef = 6D3CEF802992C7AA00C81630 /* UITableViewCell.swift */; };
		6D3CEF832992C7BD00C81630 /* UITableView.swift in Sources */ = {isa = PBXBuildFile; fileRef = 6D3CEF822992C7BD00C81630 /* UITableView.swift */; };
/* End PBXBuildFile section */

/* Begin PBXContainerItemProxy section */
		6D3CEF1229916E0F00C81630 /* PBXContainerItemProxy */ = {
			isa = PBXContainerItemProxy;
			containerPortal = 6D3CEEF929916E0900C81630 /* Project object */;
			proxyType = 1;
			remoteGlobalIDString = 6D3CEF0029916E0900C81630;
			remoteInfo = Extensions;
		};
/* End PBXContainerItemProxy section */

/* Begin PBXFileReference section */
		6D3CEF0129916E0900C81630 /* Extensions.app */ = {isa = PBXFileReference; explicitFileType = wrapper.application; includeInIndex = 0; path = Extensions.app; sourceTree = BUILT_PRODUCTS_DIR; };
		6D3CEF0429916E0900C81630 /* ExtensionsApp.swift */ = {isa = PBXFileReference; lastKnownFileType = sourcecode.swift; path = ExtensionsApp.swift; sourceTree = "<group>"; };
		6D3CEF0629916E0900C81630 /* ContentView.swift */ = {isa = PBXFileReference; lastKnownFileType = sourcecode.swift; path = ContentView.swift; sourceTree = "<group>"; };
		6D3CEF0829916E0F00C81630 /* Assets.xcassets */ = {isa = PBXFileReference; lastKnownFileType = folder.assetcatalog; path = Assets.xcassets; sourceTree = "<group>"; };
		6D3CEF0B29916E0F00C81630 /* Preview Assets.xcassets */ = {isa = PBXFileReference; lastKnownFileType = folder.assetcatalog; path = "Preview Assets.xcassets"; sourceTree = "<group>"; };
		6D3CEF1129916E0F00C81630 /* ExtensionsTests.xctest */ = {isa = PBXFileReference; explicitFileType = wrapper.cfbundle; includeInIndex = 0; path = ExtensionsTests.xctest; sourceTree = BUILT_PRODUCTS_DIR; };
		6D3CEF1529916E0F00C81630 /* ExtensionsTests.swift */ = {isa = PBXFileReference; lastKnownFileType = sourcecode.swift; path = ExtensionsTests.swift; sourceTree = "<group>"; };
		6D3CEF2F29916ED000C81630 /* StringProtocol.swift */ = {isa = PBXFileReference; lastKnownFileType = sourcecode.swift; path = StringProtocol.swift; sourceTree = "<group>"; };
		6D3CEF312991816400C81630 /* CLAuthorizationStatus.swift */ = {isa = PBXFileReference; lastKnownFileType = sourcecode.swift; path = CLAuthorizationStatus.swift; sourceTree = "<group>"; };
		6D3CEF7C2992C76D00C81630 /* CLLocation.swift */ = {isa = PBXFileReference; lastKnownFileType = sourcecode.swift; path = CLLocation.swift; sourceTree = "<group>"; };
		6D3CEF7E2992C78C00C81630 /* UIViewController.swift */ = {isa = PBXFileReference; lastKnownFileType = sourcecode.swift; path = UIViewController.swift; sourceTree = "<group>"; };
		6D3CEF802992C7AA00C81630 /* UITableViewCell.swift */ = {isa = PBXFileReference; lastKnownFileType = sourcecode.swift; path = UITableViewCell.swift; sourceTree = "<group>"; };
		6D3CEF822992C7BD00C81630 /* UITableView.swift */ = {isa = PBXFileReference; lastKnownFileType = sourcecode.swift; path = UITableView.swift; sourceTree = "<group>"; };
/* End PBXFileReference section */

/* Begin PBXFrameworksBuildPhase section */
		6D3CEEFE29916E0900C81630 /* Frameworks */ = {
			isa = PBXFrameworksBuildPhase;
			buildActionMask = 2147483647;
			files = (
			);
			runOnlyForDeploymentPostprocessing = 0;
		};
		6D3CEF0E29916E0F00C81630 /* Frameworks */ = {
			isa = PBXFrameworksBuildPhase;
			buildActionMask = 2147483647;
			files = (
			);
			runOnlyForDeploymentPostprocessing = 0;
		};
/* End PBXFrameworksBuildPhase section */

/* Begin PBXGroup section */
		6D3CEEF829916E0900C81630 = {
			isa = PBXGroup;
			children = (
				6D3CEF0329916E0900C81630 /* Extensions */,
				6D3CEF1429916E0F00C81630 /* ExtensionsTests */,
				6D3CEF0229916E0900C81630 /* Products */,
			);
			sourceTree = "<group>";
		};
		6D3CEF0229916E0900C81630 /* Products */ = {
			isa = PBXGroup;
			children = (
				6D3CEF0129916E0900C81630 /* Extensions.app */,
				6D3CEF1129916E0F00C81630 /* ExtensionsTests.xctest */,
			);
			name = Products;
			sourceTree = "<group>";
		};
		6D3CEF0329916E0900C81630 /* Extensions */ = {
			isa = PBXGroup;
			children = (
				6D3CEF2E29916EB800C81630 /* Extensions */,
				6D3CEF0429916E0900C81630 /* ExtensionsApp.swift */,
				6D3CEF0629916E0900C81630 /* ContentView.swift */,
				6D3CEF0829916E0F00C81630 /* Assets.xcassets */,
				6D3CEF0A29916E0F00C81630 /* Preview Content */,
			);
			path = Extensions;
			sourceTree = "<group>";
		};
		6D3CEF0A29916E0F00C81630 /* Preview Content */ = {
			isa = PBXGroup;
			children = (
				6D3CEF0B29916E0F00C81630 /* Preview Assets.xcassets */,
			);
			path = "Preview Content";
			sourceTree = "<group>";
		};
		6D3CEF1429916E0F00C81630 /* ExtensionsTests */ = {
			isa = PBXGroup;
			children = (
				6D3CEF1529916E0F00C81630 /* ExtensionsTests.swift */,
			);
			path = ExtensionsTests;
			sourceTree = "<group>";
		};
		6D3CEF2E29916EB800C81630 /* Extensions */ = {
			isa = PBXGroup;
			children = (
				6D3CEF2F29916ED000C81630 /* StringProtocol.swift */,
				6D3CEF312991816400C81630 /* CLAuthorizationStatus.swift */,
				6D3CEF7C2992C76D00C81630 /* CLLocation.swift */,
				6D3CEF7E2992C78C00C81630 /* UIViewController.swift */,
				6D3CEF802992C7AA00C81630 /* UITableViewCell.swift */,
				6D3CEF822992C7BD00C81630 /* UITableView.swift */,
			);
			path = Extensions;
			sourceTree = "<group>";
		};
/* End PBXGroup section */

/* Begin PBXNativeTarget section */
		6D3CEF0029916E0900C81630 /* Extensions */ = {
			isa = PBXNativeTarget;
			buildConfigurationList = 6D3CEF2529916E0F00C81630 /* Build configuration list for PBXNativeTarget "Extensions" */;
			buildPhases = (
				6D3CEEFD29916E0900C81630 /* Sources */,
				6D3CEEFE29916E0900C81630 /* Frameworks */,
				6D3CEEFF29916E0900C81630 /* Resources */,
			);
			buildRules = (
			);
			dependencies = (
			);
			name = Extensions;
			productName = Extensions;
			productReference = 6D3CEF0129916E0900C81630 /* Extensions.app */;
			productType = "com.apple.product-type.application";
		};
		6D3CEF1029916E0F00C81630 /* ExtensionsTests */ = {
			isa = PBXNativeTarget;
			buildConfigurationList = 6D3CEF2829916E0F00C81630 /* Build configuration list for PBXNativeTarget "ExtensionsTests" */;
			buildPhases = (
				6D3CEF0D29916E0F00C81630 /* Sources */,
				6D3CEF0E29916E0F00C81630 /* Frameworks */,
				6D3CEF0F29916E0F00C81630 /* Resources */,
			);
			buildRules = (
			);
			dependencies = (
				6D3CEF1329916E0F00C81630 /* PBXTargetDependency */,
			);
			name = ExtensionsTests;
			productName = ExtensionsTests;
			productReference = 6D3CEF1129916E0F00C81630 /* ExtensionsTests.xctest */;
			productType = "com.apple.product-type.bundle.unit-test";
		};
/* End PBXNativeTarget section */

/* Begin PBXProject section */
		6D3CEEF929916E0900C81630 /* Project object */ = {
			isa = PBXProject;
			attributes = {
				BuildIndependentTargetsInParallel = 1;
				LastSwiftUpdateCheck = 1320;
				LastUpgradeCheck = 1320;
				TargetAttributes = {
					6D3CEF0029916E0900C81630 = {
						CreatedOnToolsVersion = 13.2.1;
					};
					6D3CEF1029916E0F00C81630 = {
						CreatedOnToolsVersion = 13.2.1;
						TestTargetID = 6D3CEF0029916E0900C81630;
					};
				};
			};
			buildConfigurationList = 6D3CEEFC29916E0900C81630 /* Build configuration list for PBXProject "Extensions" */;
			compatibilityVersion = "Xcode 13.0";
			developmentRegion = en;
			hasScannedForEncodings = 0;
			knownRegions = (
				en,
				Base,
			);
			mainGroup = 6D3CEEF829916E0900C81630;
			productRefGroup = 6D3CEF0229916E0900C81630 /* Products */;
			projectDirPath = "";
			projectRoot = "";
			targets = (
				6D3CEF0029916E0900C81630 /* Extensions */,
				6D3CEF1029916E0F00C81630 /* ExtensionsTests */,
			);
		};
/* End PBXProject section */

/* Begin PBXResourcesBuildPhase section */
		6D3CEEFF29916E0900C81630 /* Resources */ = {
			isa = PBXResourcesBuildPhase;
			buildActionMask = 2147483647;
			files = (
				6D3CEF0C29916E0F00C81630 /* Preview Assets.xcassets in Resources */,
				6D3CEF0929916E0F00C81630 /* Assets.xcassets in Resources */,
			);
			runOnlyForDeploymentPostprocessing = 0;
		};
		6D3CEF0F29916E0F00C81630 /* Resources */ = {
			isa = PBXResourcesBuildPhase;
			buildActionMask = 2147483647;
			files = (
			);
			runOnlyForDeploymentPostprocessing = 0;
		};
/* End PBXResourcesBuildPhase section */

/* Begin PBXSourcesBuildPhase section */
		6D3CEEFD29916E0900C81630 /* Sources */ = {
			isa = PBXSourcesBuildPhase;
			buildActionMask = 2147483647;
			files = (
				6D3CEF7D2992C76D00C81630 /* CLLocation.swift in Sources */,
				6D3CEF0729916E0900C81630 /* ContentView.swift in Sources */,
				6D3CEF7F2992C78C00C81630 /* UIViewController.swift in Sources */,
				6D3CEF0529916E0900C81630 /* ExtensionsApp.swift in Sources */,
				6D3CEF322991816400C81630 /* CLAuthorizationStatus.swift in Sources */,
				6D3CEF832992C7BD00C81630 /* UITableView.swift in Sources */,
				6D3CEF812992C7AA00C81630 /* UITableViewCell.swift in Sources */,
				6D3CEF3029916ED000C81630 /* StringProtocol.swift in Sources */,
			);
			runOnlyForDeploymentPostprocessing = 0;
		};
		6D3CEF0D29916E0F00C81630 /* Sources */ = {
			isa = PBXSourcesBuildPhase;
			buildActionMask = 2147483647;
			files = (
				6D3CEF1629916E0F00C81630 /* ExtensionsTests.swift in Sources */,
			);
			runOnlyForDeploymentPostprocessing = 0;
		};
/* End PBXSourcesBuildPhase section */

/* Begin PBXTargetDependency section */
		6D3CEF1329916E0F00C81630 /* PBXTargetDependency */ = {
			isa = PBXTargetDependency;
			target = 6D3CEF0029916E0900C81630 /* Extensions */;
			targetProxy = 6D3CEF1229916E0F00C81630 /* PBXContainerItemProxy */;
		};
/* End PBXTargetDependency section */

/* Begin XCBuildConfiguration section */
		6D3CEF2329916E0F00C81630 /* Debug */ = {
			isa = XCBuildConfiguration;
			buildSettings = {
				ALWAYS_SEARCH_USER_PATHS = NO;
				CLANG_ANALYZER_NONNULL = YES;
				CLANG_ANALYZER_NUMBER_OBJECT_CONVERSION = YES_AGGRESSIVE;
				CLANG_CXX_LANGUAGE_STANDARD = "gnu++17";
				CLANG_CXX_LIBRARY = "libc++";
				CLANG_ENABLE_MODULES = YES;
				CLANG_ENABLE_OBJC_ARC = YES;
				CLANG_ENABLE_OBJC_WEAK = YES;
				CLANG_WARN_BLOCK_CAPTURE_AUTORELEASING = YES;
				CLANG_WARN_BOOL_CONVERSION = YES;
				CLANG_WARN_COMMA = YES;
				CLANG_WARN_CONSTANT_CONVERSION = YES;
				CLANG_WARN_DEPRECATED_OBJC_IMPLEMENTATIONS = YES;
				CLANG_WARN_DIRECT_OBJC_ISA_USAGE = YES_ERROR;
				CLANG_WARN_DOCUMENTATION_COMMENTS = YES;
				CLANG_WARN_EMPTY_BODY = YES;
				CLANG_WARN_ENUM_CONVERSION = YES;
				CLANG_WARN_INFINITE_RECURSION = YES;
				CLANG_WARN_INT_CONVERSION = YES;
				CLANG_WARN_NON_LITERAL_NULL_CONVERSION = YES;
				CLANG_WARN_OBJC_IMPLICIT_RETAIN_SELF = YES;
				CLANG_WARN_OBJC_LITERAL_CONVERSION = YES;
				CLANG_WARN_OBJC_ROOT_CLASS = YES_ERROR;
				CLANG_WARN_QUOTED_INCLUDE_IN_FRAMEWORK_HEADER = YES;
				CLANG_WARN_RANGE_LOOP_ANALYSIS = YES;
				CLANG_WARN_STRICT_PROTOTYPES = YES;
				CLANG_WARN_SUSPICIOUS_MOVE = YES;
				CLANG_WARN_UNGUARDED_AVAILABILITY = YES_AGGRESSIVE;
				CLANG_WARN_UNREACHABLE_CODE = YES;
				CLANG_WARN__DUPLICATE_METHOD_MATCH = YES;
				COPY_PHASE_STRIP = NO;
				DEBUG_INFORMATION_FORMAT = dwarf;
				ENABLE_STRICT_OBJC_MSGSEND = YES;
				ENABLE_TESTABILITY = YES;
				GCC_C_LANGUAGE_STANDARD = gnu11;
				GCC_DYNAMIC_NO_PIC = NO;
				GCC_NO_COMMON_BLOCKS = YES;
				GCC_OPTIMIZATION_LEVEL = 0;
				GCC_PREPROCESSOR_DEFINITIONS = (
					"DEBUG=1",
					"$(inherited)",
				);
				GCC_WARN_64_TO_32_BIT_CONVERSION = YES;
				GCC_WARN_ABOUT_RETURN_TYPE = YES_ERROR;
				GCC_WARN_UNDECLARED_SELECTOR = YES;
				GCC_WARN_UNINITIALIZED_AUTOS = YES_AGGRESSIVE;
				GCC_WARN_UNUSED_FUNCTION = YES;
				GCC_WARN_UNUSED_VARIABLE = YES;
				IPHONEOS_DEPLOYMENT_TARGET = 15.2;
				MTL_ENABLE_DEBUG_INFO = INCLUDE_SOURCE;
				MTL_FAST_MATH = YES;
				ONLY_ACTIVE_ARCH = YES;
				SDKROOT = iphoneos;
				SWIFT_ACTIVE_COMPILATION_CONDITIONS = DEBUG;
				SWIFT_OPTIMIZATION_LEVEL = "-Onone";
			};
			name = Debug;
		};
		6D3CEF2429916E0F00C81630 /* Release */ = {
			isa = XCBuildConfiguration;
			buildSettings = {
				ALWAYS_SEARCH_USER_PATHS = NO;
				CLANG_ANALYZER_NONNULL = YES;
				CLANG_ANALYZER_NUMBER_OBJECT_CONVERSION = YES_AGGRESSIVE;
				CLANG_CXX_LANGUAGE_STANDARD = "gnu++17";
				CLANG_CXX_LIBRARY = "libc++";
				CLANG_ENABLE_MODULES = YES;
				CLANG_ENABLE_OBJC_ARC = YES;
				CLANG_ENABLE_OBJC_WEAK = YES;
				CLANG_WARN_BLOCK_CAPTURE_AUTORELEASING = YES;
				CLANG_WARN_BOOL_CONVERSION = YES;
				CLANG_WARN_COMMA = YES;
				CLANG_WARN_CONSTANT_CONVERSION = YES;
				CLANG_WARN_DEPRECATED_OBJC_IMPLEMENTATIONS = YES;
				CLANG_WARN_DIRECT_OBJC_ISA_USAGE = YES_ERROR;
				CLANG_WARN_DOCUMENTATION_COMMENTS = YES;
				CLANG_WARN_EMPTY_BODY = YES;
				CLANG_WARN_ENUM_CONVERSION = YES;
				CLANG_WARN_INFINITE_RECURSION = YES;
				CLANG_WARN_INT_CONVERSION = YES;
				CLANG_WARN_NON_LITERAL_NULL_CONVERSION = YES;
				CLANG_WARN_OBJC_IMPLICIT_RETAIN_SELF = YES;
				CLANG_WARN_OBJC_LITERAL_CONVERSION = YES;
				CLANG_WARN_OBJC_ROOT_CLASS = YES_ERROR;
				CLANG_WARN_QUOTED_INCLUDE_IN_FRAMEWORK_HEADER = YES;
				CLANG_WARN_RANGE_LOOP_ANALYSIS = YES;
				CLANG_WARN_STRICT_PROTOTYPES = YES;
				CLANG_WARN_SUSPICIOUS_MOVE = YES;
				CLANG_WARN_UNGUARDED_AVAILABILITY = YES_AGGRESSIVE;
				CLANG_WARN_UNREACHABLE_CODE = YES;
				CLANG_WARN__DUPLICATE_METHOD_MATCH = YES;
				COPY_PHASE_STRIP = NO;
				DEBUG_INFORMATION_FORMAT = "dwarf-with-dsym";
				ENABLE_NS_ASSERTIONS = NO;
				ENABLE_STRICT_OBJC_MSGSEND = YES;
				GCC_C_LANGUAGE_STANDARD = gnu11;
				GCC_NO_COMMON_BLOCKS = YES;
				GCC_WARN_64_TO_32_BIT_CONVERSION = YES;
				GCC_WARN_ABOUT_RETURN_TYPE = YES_ERROR;
				GCC_WARN_UNDECLARED_SELECTOR = YES;
				GCC_WARN_UNINITIALIZED_AUTOS = YES_AGGRESSIVE;
				GCC_WARN_UNUSED_FUNCTION = YES;
				GCC_WARN_UNUSED_VARIABLE = YES;
				IPHONEOS_DEPLOYMENT_TARGET = 15.2;
				MTL_ENABLE_DEBUG_INFO = NO;
				MTL_FAST_MATH = YES;
				SDKROOT = iphoneos;
				SWIFT_COMPILATION_MODE = wholemodule;
				SWIFT_OPTIMIZATION_LEVEL = "-O";
				VALIDATE_PRODUCT = YES;
			};
			name = Release;
		};
		6D3CEF2629916E0F00C81630 /* Debug */ = {
			isa = XCBuildConfiguration;
			buildSettings = {
				ASSETCATALOG_COMPILER_APPICON_NAME = AppIcon;
				ASSETCATALOG_COMPILER_GLOBAL_ACCENT_COLOR_NAME = AccentColor;
				CODE_SIGN_STYLE = Automatic;
				CURRENT_PROJECT_VERSION = 1;
				DEVELOPMENT_ASSET_PATHS = "\"Extensions/Preview Content\"";
				DEVELOPMENT_TEAM = P4RNZKZ54K;
				ENABLE_PREVIEWS = YES;
				GENERATE_INFOPLIST_FILE = YES;
				INFOPLIST_KEY_UIApplicationSceneManifest_Generation = YES;
				INFOPLIST_KEY_UIApplicationSupportsIndirectInputEvents = YES;
				INFOPLIST_KEY_UILaunchScreen_Generation = YES;
				INFOPLIST_KEY_UISupportedInterfaceOrientations_iPad = "UIInterfaceOrientationPortrait UIInterfaceOrientationPortraitUpsideDown UIInterfaceOrientationLandscapeLeft UIInterfaceOrientationLandscapeRight";
				INFOPLIST_KEY_UISupportedInterfaceOrientations_iPhone = "UIInterfaceOrientationPortrait UIInterfaceOrientationLandscapeLeft UIInterfaceOrientationLandscapeRight";
				LD_RUNPATH_SEARCH_PATHS = (
					"$(inherited)",
					"@executable_path/Frameworks",
				);
				MARKETING_VERSION = 1.0;
				PRODUCT_BUNDLE_IDENTIFIER = com.makhun.Extensions;
				PRODUCT_NAME = "$(TARGET_NAME)";
				SWIFT_EMIT_LOC_STRINGS = YES;
				SWIFT_VERSION = 5.0;
				TARGETED_DEVICE_FAMILY = "1,2";
			};
			name = Debug;
		};
		6D3CEF2729916E0F00C81630 /* Release */ = {
			isa = XCBuildConfiguration;
			buildSettings = {
				ASSETCATALOG_COMPILER_APPICON_NAME = AppIcon;
				ASSETCATALOG_COMPILER_GLOBAL_ACCENT_COLOR_NAME = AccentColor;
				CODE_SIGN_STYLE = Automatic;
				CURRENT_PROJECT_VERSION = 1;
				DEVELOPMENT_ASSET_PATHS = "\"Extensions/Preview Content\"";
				DEVELOPMENT_TEAM = P4RNZKZ54K;
				ENABLE_PREVIEWS = YES;
				GENERATE_INFOPLIST_FILE = YES;
				INFOPLIST_KEY_UIApplicationSceneManifest_Generation = YES;
				INFOPLIST_KEY_UIApplicationSupportsIndirectInputEvents = YES;
				INFOPLIST_KEY_UILaunchScreen_Generation = YES;
				INFOPLIST_KEY_UISupportedInterfaceOrientations_iPad = "UIInterfaceOrientationPortrait UIInterfaceOrientationPortraitUpsideDown UIInterfaceOrientationLandscapeLeft UIInterfaceOrientationLandscapeRight";
				INFOPLIST_KEY_UISupportedInterfaceOrientations_iPhone = "UIInterfaceOrientationPortrait UIInterfaceOrientationLandscapeLeft UIInterfaceOrientationLandscapeRight";
				LD_RUNPATH_SEARCH_PATHS = (
					"$(inherited)",
					"@executable_path/Frameworks",
				);
				MARKETING_VERSION = 1.0;
				PRODUCT_BUNDLE_IDENTIFIER = com.makhun.Extensions;
				PRODUCT_NAME = "$(TARGET_NAME)";
				SWIFT_EMIT_LOC_STRINGS = YES;
				SWIFT_VERSION = 5.0;
				TARGETED_DEVICE_FAMILY = "1,2";
			};
			name = Release;
		};
		6D3CEF2929916E0F00C81630 /* Debug */ = {
			isa = XCBuildConfiguration;
			buildSettings = {
				ALWAYS_EMBED_SWIFT_STANDARD_LIBRARIES = YES;
				BUNDLE_LOADER = "$(TEST_HOST)";
				CODE_SIGN_STYLE = Automatic;
				CURRENT_PROJECT_VERSION = 1;
				DEVELOPMENT_TEAM = P4RNZKZ54K;
				GENERATE_INFOPLIST_FILE = YES;
				IPHONEOS_DEPLOYMENT_TARGET = 15.2;
				MARKETING_VERSION = 1.0;
				PRODUCT_BUNDLE_IDENTIFIER = com.makhun.ExtensionsTests;
				PRODUCT_NAME = "$(TARGET_NAME)";
				SWIFT_EMIT_LOC_STRINGS = NO;
				SWIFT_VERSION = 5.0;
				TARGETED_DEVICE_FAMILY = "1,2";
				TEST_HOST = "$(BUILT_PRODUCTS_DIR)/Extensions.app/Extensions";
			};
			name = Debug;
		};
		6D3CEF2A29916E0F00C81630 /* Release */ = {
			isa = XCBuildConfiguration;
			buildSettings = {
				ALWAYS_EMBED_SWIFT_STANDARD_LIBRARIES = YES;
				BUNDLE_LOADER = "$(TEST_HOST)";
				CODE_SIGN_STYLE = Automatic;
				CURRENT_PROJECT_VERSION = 1;
				DEVELOPMENT_TEAM = P4RNZKZ54K;
				GENERATE_INFOPLIST_FILE = YES;
				IPHONEOS_DEPLOYMENT_TARGET = 15.2;
				MARKETING_VERSION = 1.0;
				PRODUCT_BUNDLE_IDENTIFIER = com.makhun.ExtensionsTests;
				PRODUCT_NAME = "$(TARGET_NAME)";
				SWIFT_EMIT_LOC_STRINGS = NO;
				SWIFT_VERSION = 5.0;
				TARGETED_DEVICE_FAMILY = "1,2";
				TEST_HOST = "$(BUILT_PRODUCTS_DIR)/Extensions.app/Extensions";
			};
			name = Release;
		};
/* End XCBuildConfiguration section */

/* Begin XCConfigurationList section */
		6D3CEEFC29916E0900C81630 /* Build configuration list for PBXProject "Extensions" */ = {
			isa = XCConfigurationList;
			buildConfigurations = (
				6D3CEF2329916E0F00C81630 /* Debug */,
				6D3CEF2429916E0F00C81630 /* Release */,
			);
			defaultConfigurationIsVisible = 0;
			defaultConfigurationName = Release;
		};
		6D3CEF2529916E0F00C81630 /* Build configuration list for PBXNativeTarget "Extensions" */ = {
			isa = XCConfigurationList;
			buildConfigurations = (
				6D3CEF2629916E0F00C81630 /* Debug */,
				6D3CEF2729916E0F00C81630 /* Release */,
			);
			defaultConfigurationIsVisible = 0;
			defaultConfigurationName = Release;
		};
		6D3CEF2829916E0F00C81630 /* Build configuration list for PBXNativeTarget "ExtensionsTests" */ = {
			isa = XCConfigurationList;
			buildConfigurations = (
				6D3CEF2929916E0F00C81630 /* Debug */,
				6D3CEF2A29916E0F00C81630 /* Release */,
			);
			defaultConfigurationIsVisible = 0;
			defaultConfigurationName = Release;
		};
/* End XCConfigurationList section */
	};
	rootObject = 6D3CEEF929916E0900C81630 /* Project object */;
}
